{
  "name": "k6-tp2",
  "version": "1.0.0",
  "lockfileVersion": 1,
  "requires": true,
  "dependencies": {
    "@types/k6": {
      "version": "0.28.2",
      "resolved": "https://registry.npmjs.org/@types/k6/-/k6-0.28.2.tgz",
      "integrity": "sha512-Fv6QviiQFdcnkEcr7+A6TD6qDu8MzgNQbZsW4dWgH+V104XgKdCtETbt5NIkJCdrYdYlpIaqt+dWCH04+PcV/w==",
      "dev": true
    },
    "@types/node": {
      "version": "14.14.6",
      "resolved": "https://registry.npmjs.org/@types/node/-/node-14.14.6.tgz",
      "integrity": "sha512-6QlRuqsQ/Ox/aJEQWBEJG7A9+u7oSYl3mem/K8IzxXG/kAGbV1YPD9Bg9Zw3vyxC/YP+zONKwy8hGkSt1jxFMw==",
      "dev": true
    }
  }
}
